
Microsoft Visual Studio Solution File, Format Version 12.00
Project("{FAE04EC0-301F-11D3-BF4B-00C04F79EFBC}") = "Common", "Common\Common.csproj", "{C5802BE1-4C98-496F-8996-4FEEF82B44F5}"
EndProject
Project("{FAE04EC0-301F-11D3-BF4B-00C04F79EFBC}") = "Service", "Service\Service.csproj", "{FAA7D8FF-818B-4A95-98F9-51A9FC3188AA}"
EndProject
Project("{FAE04EC0-301F-11D3-BF4B-00C04F79EFBC}") = "Repository", "Repository\Repository.csproj", "{20E641E7-7500-4116-9ED5-975FC3FC7E76}"
EndProject
Project("{FAE04EC0-301F-11D3-BF4B-00C04F79EFBC}") = "Infrastructure", "Infrastructure\Infrastructure.csproj", "{B6F1A393-A3FA-499A-BB0E-D98FE551D72F}"
EndProject
Project("{FAE04EC0-301F-11D3-BF4B-00C04F79EFBC}") = "API", "API\API.csproj", "{34CE48C1-C92C-4DF1-8940-08C94E2BF497}"
EndProject
Project("{FAE04EC0-301F-11D3-BF4B-00C04F79EFBC}") = "Tests", "Tests\Tests.csproj", "{55AD7733-328C-47DB-AC59-A3A4A310CB46}"
EndProject
Global
	GlobalSection(SolutionConfigurationPlatforms) = preSolution
		Debug|Any CPU = Debug|Any CPU
		Release|Any CPU = Release|Any CPU
	EndGlobalSection
	GlobalSection(ProjectConfigurationPlatforms) = postSolution
		{C5802BE1-4C98-496F-8996-4FEEF82B44F5}.Debug|Any CPU.ActiveCfg = Debug|Any CPU
		{C5802BE1-4C98-496F-8996-4FEEF82B44F5}.Debug|Any CPU.Build.0 = Debug|Any CPU
		{C5802BE1-4C98-496F-8996-4FEEF82B44F5}.Release|Any CPU.ActiveCfg = Release|Any CPU
		{C5802BE1-4C98-496F-8996-4FEEF82B44F5}.Release|Any CPU.Build.0 = Release|Any CPU
		{FAA7D8FF-818B-4A95-98F9-51A9FC3188AA}.Debug|Any CPU.ActiveCfg = Debug|Any CPU
		{FAA7D8FF-818B-4A95-98F9-51A9FC3188AA}.Debug|Any CPU.Build.0 = Debug|Any CPU
		{FAA7D8FF-818B-4A95-98F9-51A9FC3188AA}.Release|Any CPU.ActiveCfg = Release|Any CPU
		{FAA7D8FF-818B-4A95-98F9-51A9FC3188AA}.Release|Any CPU.Build.0 = Release|Any CPU
		{20E641E7-7500-4116-9ED5-975FC3FC7E76}.Debug|Any CPU.ActiveCfg = Debug|Any CPU
		{20E641E7-7500-4116-9ED5-975FC3FC7E76}.Debug|Any CPU.Build.0 = Debug|Any CPU
		{20E641E7-7500-4116-9ED5-975FC3FC7E76}.Release|Any CPU.ActiveCfg = Release|Any CPU
		{20E641E7-7500-4116-9ED5-975FC3FC7E76}.Release|Any CPU.Build.0 = Release|Any CPU
		{B6F1A393-A3FA-499A-BB0E-D98FE551D72F}.Debug|Any CPU.ActiveCfg = Debug|Any CPU
		{B6F1A393-A3FA-499A-BB0E-D98FE551D72F}.Debug|Any CPU.Build.0 = Debug|Any CPU
		{B6F1A393-A3FA-499A-BB0E-D98FE551D72F}.Release|Any CPU.ActiveCfg = Release|Any CPU
		{B6F1A393-A3FA-499A-BB0E-D98FE551D72F}.Release|Any CPU.Build.0 = Release|Any CPU
		{34CE48C1-C92C-4DF1-8940-08C94E2BF497}.Debug|Any CPU.ActiveCfg = Debug|Any CPU
		{34CE48C1-C92C-4DF1-8940-08C94E2BF497}.Debug|Any CPU.Build.0 = Debug|Any CPU
		{34CE48C1-C92C-4DF1-8940-08C94E2BF497}.Release|Any CPU.ActiveCfg = Release|Any CPU
		{34CE48C1-C92C-4DF1-8940-08C94E2BF497}.Release|Any CPU.Build.0 = Release|Any CPU
		{55AD7733-328C-47DB-AC59-A3A4A310CB46}.Debug|Any CPU.ActiveCfg = Debug|Any CPU
		{55AD7733-328C-47DB-AC59-A3A4A310CB46}.Debug|Any CPU.Build.0 = Debug|Any CPU
		{55AD7733-328C-47DB-AC59-A3A4A310CB46}.Release|Any CPU.ActiveCfg = Release|Any CPU
		{55AD7733-328C-47DB-AC59-A3A4A310CB46}.Release|Any CPU.Build.0 = Release|Any CPU
	EndGlobalSection
EndGlobal
